// !$*UTF8*$!
{
	archiveVersion = 1;
	classes = {
	};
	objectVersion = 77;
	objects = {

/* Begin PBXContainerItemProxy section */
		1C846A312CDAFE84003A27F7 /* PBXContainerItemProxy */ = {
			isa = PBXContainerItemProxy;
			containerPortal = 1C846A182CDAFE82003A27F7 /* Project object */;
			proxyType = 1;
			remoteGlobalIDString = 1C846A1F2CDAFE82003A27F7;
			remoteInfo = XcodeCloudTest;
		};
		1C846A3B2CDAFE84003A27F7 /* PBXContainerItemProxy */ = {
			isa = PBXContainerItemProxy;
			containerPortal = 1C846A182CDAFE82003A27F7 /* Project object */;
			proxyType = 1;
			remoteGlobalIDString = 1C846A1F2CDAFE82003A27F7;
			remoteInfo = XcodeCloudTest;
		};
/* End PBXContainerItemProxy section */

/* Begin PBXFileReference section */
		1C846A202CDAFE82003A27F7 /* XcodeCloudTest.app */ = {isa = PBXFileReference; explicitFileType = wrapper.application; includeInIndex = 0; path = XcodeCloudTest.app; sourceTree = BUILT_PRODUCTS_DIR; };
		1C846A302CDAFE84003A27F7 /* XcodeCloudTestTests.xctest */ = {isa = PBXFileReference; explicitFileType = wrapper.cfbundle; includeInIndex = 0; path = XcodeCloudTestTests.xctest; sourceTree = BUILT_PRODUCTS_DIR; };
		1C846A3A2CDAFE84003A27F7 /* XcodeCloudTestUITests.xctest */ = {isa = PBXFileReference; explicitFileType = wrapper.cfbundle; includeInIndex = 0; path = XcodeCloudTestUITests.xctest; sourceTree = BUILT_PRODUCTS_DIR; };
/* End PBXFileReference section */

/* Begin PBXFileSystemSynchronizedRootGroup section */
		1C846A222CDAFE82003A27F7 /* XcodeCloudTest */ = {
			isa = PBXFileSystemSynchronizedRootGroup;
			path = XcodeCloudTest;
			sourceTree = "<group>";
		};
		1C846A332CDAFE84003A27F7 /* XcodeCloudTestTests */ = {
			isa = PBXFileSystemSynchronizedRootGroup;
			path = XcodeCloudTestTests;
			sourceTree = "<group>";
		};
		1C846A3D2CDAFE84003A27F7 /* XcodeCloudTestUITests */ = {
			isa = PBXFileSystemSynchronizedRootGroup;
			path = XcodeCloudTestUITests;
			sourceTree = "<group>";
		};
/* End PBXFileSystemSynchronizedRootGroup section */

/* Begin PBXFrameworksBuildPhase section */
		1C846A1D2CDAFE82003A27F7 /* Frameworks */ = {
			isa = PBXFrameworksBuildPhase;
			buildActionMask = 2147483647;
			files = (
			);
			runOnlyForDeploymentPostprocessing = 0;
		};
		1C846A2D2CDAFE84003A27F7 /* Frameworks */ = {
			isa = PBXFrameworksBuildPhase;
			buildActionMask = 2147483647;
			files = (
			);
			runOnlyForDeploymentPostprocessing = 0;
		};
		1C846A372CDAFE84003A27F7 /* Frameworks */ = {
			isa = PBXFrameworksBuildPhase;
			buildActionMask = 2147483647;
			files = (
			);
			runOnlyForDeploymentPostprocessing = 0;
		};
/* End PBXFrameworksBuildPhase section */

/* Begin PBXGroup section */
		1C846A172CDAFE82003A27F7 = {
			isa = PBXGroup;
			children = (
				1C846A222CDAFE82003A27F7 /* XcodeCloudTest */,
				1C846A332CDAFE84003A27F7 /* XcodeCloudTestTests */,
				1C846A3D2CDAFE84003A27F7 /* XcodeCloudTestUITests */,
				1C846A212CDAFE82003A27F7 /* Products */,
			);
			sourceTree = "<group>";
		};
		1C846A212CDAFE82003A27F7 /* Products */ = {
			isa = PBXGroup;
			children = (
				1C846A202CDAFE82003A27F7 /* XcodeCloudTest.app */,
				1C846A302CDAFE84003A27F7 /* XcodeCloudTestTests.xctest */,
				1C846A3A2CDAFE84003A27F7 /* XcodeCloudTestUITests.xctest */,
			);
			name = Products;
			sourceTree = "<group>";
		};
/* End PBXGroup section */

/* Begin PBXNativeTarget section */
		1C846A1F2CDAFE82003A27F7 /* XcodeCloudTest */ = {
			isa = PBXNativeTarget;
			buildConfigurationList = 1C846A442CDAFE84003A27F7 /* Build configuration list for PBXNativeTarget "XcodeCloudTest" */;
			buildPhases = (
				1C846A1C2CDAFE82003A27F7 /* Sources */,
				1C846A1D2CDAFE82003A27F7 /* Frameworks */,
				1C846A1E2CDAFE82003A27F7 /* Resources */,
			);
			buildRules = (
			);
			dependencies = (
			);
			fileSystemSynchronizedGroups = (
				1C846A222CDAFE82003A27F7 /* XcodeCloudTest */,
			);
			name = XcodeCloudTest;
			packageProductDependencies = (
			);
			productName = XcodeCloudTest;
			productReference = 1C846A202CDAFE82003A27F7 /* XcodeCloudTest.app */;
			productType = "com.apple.product-type.application";
		};
		1C846A2F2CDAFE84003A27F7 /* XcodeCloudTestTests */ = {
			isa = PBXNativeTarget;
			buildConfigurationList = 1C846A472CDAFE84003A27F7 /* Build configuration list for PBXNativeTarget "XcodeCloudTestTests" */;
			buildPhases = (
				1C846A2C2CDAFE84003A27F7 /* Sources */,
				1C846A2D2CDAFE84003A27F7 /* Frameworks */,
				1C846A2E2CDAFE84003A27F7 /* Resources */,
			);
			buildRules = (
			);
			dependencies = (
				1C846A322CDAFE84003A27F7 /* PBXTargetDependency */,
			);
			fileSystemSynchronizedGroups = (
				1C846A332CDAFE84003A27F7 /* XcodeCloudTestTests */,
			);
			name = XcodeCloudTestTests;
			packageProductDependencies = (
			);
			productName = XcodeCloudTestTests;
			productReference = 1C846A302CDAFE84003A27F7 /* XcodeCloudTestTests.xctest */;
			productType = "com.apple.product-type.bundle.unit-test";
		};
		1C846A392CDAFE84003A27F7 /* XcodeCloudTestUITests */ = {
			isa = PBXNativeTarget;
			buildConfigurationList = 1C846A4A2CDAFE84003A27F7 /* Build configuration list for PBXNativeTarget "XcodeCloudTestUITests" */;
			buildPhases = (
				1C846A362CDAFE84003A27F7 /* Sources */,
				1C846A372CDAFE84003A27F7 /* Frameworks */,
				1C846A382CDAFE84003A27F7 /* Resources */,
			);
			buildRules = (
			);
			dependencies = (
				1C846A3C2CDAFE84003A27F7 /* PBXTargetDependency */,
			);
			fileSystemSynchronizedGroups = (
				1C846A3D2CDAFE84003A27F7 /* XcodeCloudTestUITests */,
			);
			name = XcodeCloudTestUITests;
			packageProductDependencies = (
			);
			productName = XcodeCloudTestUITests;
			productReference = 1C846A3A2CDAFE84003A27F7 /* XcodeCloudTestUITests.xctest */;
			productType = "com.apple.product-type.bundle.ui-testing";
		};
/* End PBXNativeTarget section */

/* Begin PBXProject section */
		1C846A182CDAFE82003A27F7 /* Project object */ = {
			isa = PBXProject;
			attributes = {
				BuildIndependentTargetsInParallel = 1;
				LastSwiftUpdateCheck = 1610;
				LastUpgradeCheck = 1610;
				TargetAttributes = {
					1C846A1F2CDAFE82003A27F7 = {
						CreatedOnToolsVersion = 16.1;
					};
					1C846A2F2CDAFE84003A27F7 = {
						CreatedOnToolsVersion = 16.1;
						TestTargetID = 1C846A1F2CDAFE82003A27F7;
					};
					1C846A392CDAFE84003A27F7 = {
						CreatedOnToolsVersion = 16.1;
						TestTargetID = 1C846A1F2CDAFE82003A27F7;
					};
				};
			};
			buildConfigurationList = 1C846A1B2CDAFE82003A27F7 /* Build configuration list for PBXProject "XcodeCloudTest" */;
			developmentRegion = en;
			hasScannedForEncodings = 0;
			knownRegions = (
				en,
				Base,
			);
			mainGroup = 1C846A172CDAFE82003A27F7;
			minimizedProjectReferenceProxies = 1;
			preferredProjectObjectVersion = 77;
			productRefGroup = 1C846A212CDAFE82003A27F7 /* Products */;
			projectDirPath = "";
			projectRoot = "";
			targets = (
				1C846A1F2CDAFE82003A27F7 /* XcodeCloudTest */,
				1C846A2F2CDAFE84003A27F7 /* XcodeCloudTestTests */,
				1C846A392CDAFE84003A27F7 /* XcodeCloudTestUITests */,
			);
		};
/* End PBXProject section */

/* Begin PBXResourcesBuildPhase section */
		1C846A1E2CDAFE82003A27F7 /* Resources */ = {
			isa = PBXResourcesBuildPhase;
			buildActionMask = 2147483647;
			files = (
			);
			runOnlyForDeploymentPostprocessing = 0;
		};
		1C846A2E2CDAFE84003A27F7 /* Resources */ = {
			isa = PBXResourcesBuildPhase;
			buildActionMask = 2147483647;
			files = (
			);
			runOnlyForDeploymentPostprocessing = 0;
		};
		1C846A382CDAFE84003A27F7 /* Resources */ = {
			isa = PBXResourcesBuildPhase;
			buildActionMask = 2147483647;
			files = (
			);
			runOnlyForDeploymentPostprocessing = 0;
		};
/* End PBXResourcesBuildPhase section */

/* Begin PBXSourcesBuildPhase section */
		1C846A1C2CDAFE82003A27F7 /* Sources */ = {
			isa = PBXSourcesBuildPhase;
			buildActionMask = 2147483647;
			files = (
			);
			runOnlyForDeploymentPostprocessing = 0;
		};
		1C846A2C2CDAFE84003A27F7 /* Sources */ = {
			isa = PBXSourcesBuildPhase;
			buildActionMask = 2147483647;
			files = (
			);
			runOnlyForDeploymentPostprocessing = 0;
		};
		1C846A362CDAFE84003A27F7 /* Sources */ = {
			isa = PBXSourcesBuildPhase;
			buildActionMask = 2147483647;
			files = (
			);
			runOnlyForDeploymentPostprocessing = 0;
		};
/* End PBXSourcesBuildPhase section */

/* Begin PBXTargetDependency section */
		1C846A322CDAFE84003A27F7 /* PBXTargetDependency */ = {
			isa = PBXTargetDependency;
			target = 1C846A1F2CDAFE82003A27F7 /* XcodeCloudTest */;
			targetProxy = 1C846A312CDAFE84003A27F7 /* PBXContainerItemProxy */;
		};
		1C846A3C2CDAFE84003A27F7 /* PBXTargetDependency */ = {
			isa = PBXTargetDependency;
			target = 1C846A1F2CDAFE82003A27F7 /* XcodeCloudTest */;
			targetProxy = 1C846A3B2CDAFE84003A27F7 /* PBXContainerItemProxy */;
		};
/* End PBXTargetDependency section */

/* Begin XCBuildConfiguration section */
		1C846A422CDAFE84003A27F7 /* Debug */ = {
			isa = XCBuildConfiguration;
			buildSettings = {
				ALWAYS_SEARCH_USER_PATHS = NO;
				ASSETCATALOG_COMPILER_GENERATE_SWIFT_ASSET_SYMBOL_EXTENSIONS = YES;
				CLANG_ANALYZER_NONNULL = YES;
				CLANG_ANALYZER_NUMBER_OBJECT_CONVERSION = YES_AGGRESSIVE;
				CLANG_CXX_LANGUAGE_STANDARD = "gnu++20";
				CLANG_ENABLE_MODULES = YES;
				CLANG_ENABLE_OBJC_ARC = YES;
				CLANG_ENABLE_OBJC_WEAK = YES;
				CLANG_WARN_BLOCK_CAPTURE_AUTORELEASING = YES;
				CLANG_WARN_BOOL_CONVERSION = YES;
				CLANG_WARN_COMMA = YES;
				CLANG_WARN_CONSTANT_CONVERSION = YES;
				CLANG_WARN_DEPRECATED_OBJC_IMPLEMENTATIONS = YES;
				CLANG_WARN_DIRECT_OBJC_ISA_USAGE = YES_ERROR;
				CLANG_WARN_DOCUMENTATION_COMMENTS = YES;
				CLANG_WARN_EMPTY_BODY = YES;
				CLANG_WARN_ENUM_CONVERSION = YES;
				CLANG_WARN_INFINITE_RECURSION = YES;
				CLANG_WARN_INT_CONVERSION = YES;
				CLANG_WARN_NON_LITERAL_NULL_CONVERSION = YES;
				CLANG_WARN_OBJC_IMPLICIT_RETAIN_SELF = YES;
				CLANG_WARN_OBJC_LITERAL_CONVERSION = YES;
				CLANG_WARN_OBJC_ROOT_CLASS = YES_ERROR;
				CLANG_WARN_QUOTED_INCLUDE_IN_FRAMEWORK_HEADER = YES;
				CLANG_WARN_RANGE_LOOP_ANALYSIS = YES;
				CLANG_WARN_STRICT_PROTOTYPES = YES;
				CLANG_WARN_SUSPICIOUS_MOVE = YES;
				CLANG_WARN_UNGUARDED_AVAILABILITY = YES_AGGRESSIVE;
				CLANG_WARN_UNREACHABLE_CODE = YES;
				CLANG_WARN__DUPLICATE_METHOD_MATCH = YES;
				COPY_PHASE_STRIP = NO;
				DEBUG_INFORMATION_FORMAT = dwarf;
				ENABLE_STRICT_OBJC_MSGSEND = YES;
				ENABLE_TESTABILITY = YES;
				ENABLE_USER_SCRIPT_SANDBOXING = YES;
				GCC_C_LANGUAGE_STANDARD = gnu17;
				GCC_DYNAMIC_NO_PIC = NO;
				GCC_NO_COMMON_BLOCKS = YES;
				GCC_OPTIMIZATION_LEVEL = 0;
				GCC_PREPROCESSOR_DEFINITIONS = (
					"DEBUG=1",
					"$(inherited)",
				);
				GCC_WARN_64_TO_32_BIT_CONVERSION = YES;
				GCC_WARN_ABOUT_RETURN_TYPE = YES_ERROR;
				GCC_WARN_UNDECLARED_SELECTOR = YES;
				GCC_WARN_UNINITIALIZED_AUTOS = YES_AGGRESSIVE;
				GCC_WARN_UNUSED_FUNCTION = YES;
				GCC_WARN_UNUSED_VARIABLE = YES;
				IPHONEOS_DEPLOYMENT_TARGET = 18.1;
				LOCALIZATION_PREFERS_STRING_CATALOGS = YES;
				MTL_ENABLE_DEBUG_INFO = INCLUDE_SOURCE;
				MTL_FAST_MATH = YES;
				ONLY_ACTIVE_ARCH = YES;
				SDKROOT = iphoneos;
				SWIFT_ACTIVE_COMPILATION_CONDITIONS = "DEBUG $(inherited)";
				SWIFT_OPTIMIZATION_LEVEL = "-Onone";
			};
			name = Debug;
		};
		1C846A432CDAFE84003A27F7 /* Release */ = {
			isa = XCBuildConfiguration;
			buildSettings = {
				ALWAYS_SEARCH_USER_PATHS = NO;
				ASSETCATALOG_COMPILER_GENERATE_SWIFT_ASSET_SYMBOL_EXTENSIONS = YES;
				CLANG_ANALYZER_NONNULL = YES;
				CLANG_ANALYZER_NUMBER_OBJECT_CONVERSION = YES_AGGRESSIVE;
				CLANG_CXX_LANGUAGE_STANDARD = "gnu++20";
				CLANG_ENABLE_MODULES = YES;
				CLANG_ENABLE_OBJC_ARC = YES;
				CLANG_ENABLE_OBJC_WEAK = YES;
				CLANG_WARN_BLOCK_CAPTURE_AUTORELEASING = YES;
				CLANG_WARN_BOOL_CONVERSION = YES;
				CLANG_WARN_COMMA = YES;
				CLANG_WARN_CONSTANT_CONVERSION = YES;
				CLANG_WARN_DEPRECATED_OBJC_IMPLEMENTATIONS = YES;
				CLANG_WARN_DIRECT_OBJC_ISA_USAGE = YES_ERROR;
				CLANG_WARN_DOCUMENTATION_COMMENTS = YES;
				CLANG_WARN_EMPTY_BODY = YES;
				CLANG_WARN_ENUM_CONVERSION = YES;
				CLANG_WARN_INFINITE_RECURSION = YES;
				CLANG_WARN_INT_CONVERSION = YES;
				CLANG_WARN_NON_LITERAL_NULL_CONVERSION = YES;
				CLANG_WARN_OBJC_IMPLICIT_RETAIN_SELF = YES;
				CLANG_WARN_OBJC_LITERAL_CONVERSION = YES;
				CLANG_WARN_OBJC_ROOT_CLASS = YES_ERROR;
				CLANG_WARN_QUOTED_INCLUDE_IN_FRAMEWORK_HEADER = YES;
				CLANG_WARN_RANGE_LOOP_ANALYSIS = YES;
				CLANG_WARN_STRICT_PROTOTYPES = YES;
				CLANG_WARN_SUSPICIOUS_MOVE = YES;
				CLANG_WARN_UNGUARDED_AVAILABILITY = YES_AGGRESSIVE;
				CLANG_WARN_UNREACHABLE_CODE = YES;
				CLANG_WARN__DUPLICATE_METHOD_MATCH = YES;
				COPY_PHASE_STRIP = NO;
				DEBUG_INFORMATION_FORMAT = "dwarf-with-dsym";
				ENABLE_NS_ASSERTIONS = NO;
				ENABLE_STRICT_OBJC_MSGSEND = YES;
				ENABLE_USER_SCRIPT_SANDBOXING = YES;
				GCC_C_LANGUAGE_STANDARD = gnu17;
				GCC_NO_COMMON_BLOCKS = YES;
				GCC_WARN_64_TO_32_BIT_CONVERSION = YES;
				GCC_WARN_ABOUT_RETURN_TYPE = YES_ERROR;
				GCC_WARN_UNDECLARED_SELECTOR = YES;
				GCC_WARN_UNINITIALIZED_AUTOS = YES_AGGRESSIVE;
				GCC_WARN_UNUSED_FUNCTION = YES;
				GCC_WARN_UNUSED_VARIABLE = YES;
				IPHONEOS_DEPLOYMENT_TARGET = 18.1;
				LOCALIZATION_PREFERS_STRING_CATALOGS = YES;
				MTL_ENABLE_DEBUG_INFO = NO;
				MTL_FAST_MATH = YES;
				SDKROOT = iphoneos;
				SWIFT_COMPILATION_MODE = wholemodule;
				VALIDATE_PRODUCT = YES;
			};
			name = Release;
		};
		1C846A452CDAFE84003A27F7 /* Debug */ = {
			isa = XCBuildConfiguration;
			buildSettings = {
				ASSETCATALOG_COMPILER_APPICON_NAME = AppIcon;
				ASSETCATALOG_COMPILER_GLOBAL_ACCENT_COLOR_NAME = AccentColor;
				CODE_SIGN_STYLE = Automatic;
				CURRENT_PROJECT_VERSION = 1;
				DEVELOPMENT_ASSET_PATHS = "\"XcodeCloudTest/Preview Content\"";
				DEVELOPMENT_TEAM = RXBBZ73TH7;
				ENABLE_PREVIEWS = YES;
				GENERATE_INFOPLIST_FILE = YES;
				INFOPLIST_KEY_UIApplicationSceneManifest_Generation = YES;
				INFOPLIST_KEY_UIApplicationSupportsIndirectInputEvents = YES;
				INFOPLIST_KEY_UILaunchScreen_Generation = YES;
				INFOPLIST_KEY_UISupportedInterfaceOrientations_iPad = "UIInterfaceOrientationPortrait UIInterfaceOrientationPortraitUpsideDown UIInterfaceOrientationLandscapeLeft UIInterfaceOrientationLandscapeRight";
				INFOPLIST_KEY_UISupportedInterfaceOrientations_iPhone = "UIInterfaceOrientationPortrait UIInterfaceOrientationLandscapeLeft UIInterfaceOrientationLandscapeRight";
				LD_RUNPATH_SEARCH_PATHS = (
					"$(inherited)",
					"@executable_path/Frameworks",
				);
				MARKETING_VERSION = 1.0;
				PRODUCT_BUNDLE_IDENTIFIER = "com.xronos-inc.XcodeCloudTest";
				PRODUCT_NAME = "$(TARGET_NAME)";
				SWIFT_EMIT_LOC_STRINGS = YES;
				SWIFT_VERSION = 5.0;
				TARGETED_DEVICE_FAMILY = "1,2";
			};
			name = Debug;
		};
		1C846A462CDAFE84003A27F7 /* Release */ = {
			isa = XCBuildConfiguration;
			buildSettings = {
				ASSETCATALOG_COMPILER_APPICON_NAME = AppIcon;
				ASSETCATALOG_COMPILER_GLOBAL_ACCENT_COLOR_NAME = AccentColor;
				CODE_SIGN_STYLE = Automatic;
				CURRENT_PROJECT_VERSION = 1;
				DEVELOPMENT_ASSET_PATHS = "\"XcodeCloudTest/Preview Content\"";
				DEVELOPMENT_TEAM = RXBBZ73TH7;
				ENABLE_PREVIEWS = YES;
				GENERATE_INFOPLIST_FILE = YES;
				INFOPLIST_KEY_UIApplicationSceneManifest_Generation = YES;
				INFOPLIST_KEY_UIApplicationSupportsIndirectInputEvents = YES;
				INFOPLIST_KEY_UILaunchScreen_Generation = YES;
				INFOPLIST_KEY_UISupportedInterfaceOrientations_iPad = "UIInterfaceOrientationPortrait UIInterfaceOrientationPortraitUpsideDown UIInterfaceOrientationLandscapeLeft UIInterfaceOrientationLandscapeRight";
				INFOPLIST_KEY_UISupportedInterfaceOrientations_iPhone = "UIInterfaceOrientationPortrait UIInterfaceOrientationLandscapeLeft UIInterfaceOrientationLandscapeRight";
				LD_RUNPATH_SEARCH_PATHS = (
					"$(inherited)",
					"@executable_path/Frameworks",
				);
				MARKETING_VERSION = 1.0;
				PRODUCT_BUNDLE_IDENTIFIER = "com.xronos-inc.XcodeCloudTest";
				PRODUCT_NAME = "$(TARGET_NAME)";
				SWIFT_EMIT_LOC_STRINGS = YES;
				SWIFT_VERSION = 5.0;
				TARGETED_DEVICE_FAMILY = "1,2";
			};
			name = Release;
		};
		1C846A482CDAFE84003A27F7 /* Debug */ = {
			isa = XCBuildConfiguration;
			buildSettings = {
				BUNDLE_LOADER = "$(TEST_HOST)";
				CODE_SIGN_STYLE = Automatic;
				CURRENT_PROJECT_VERSION = 1;
				DEVELOPMENT_TEAM = RXBBZ73TH7;
				GENERATE_INFOPLIST_FILE = YES;
				IPHONEOS_DEPLOYMENT_TARGET = 18.1;
				MARKETING_VERSION = 1.0;
				PRODUCT_BUNDLE_IDENTIFIER = "com.xronos-inc.XcodeCloudTestTests";
				PRODUCT_NAME = "$(TARGET_NAME)";
				SWIFT_EMIT_LOC_STRINGS = NO;
				SWIFT_VERSION = 5.0;
				TARGETED_DEVICE_FAMILY = "1,2";
				TEST_HOST = "$(BUILT_PRODUCTS_DIR)/XcodeCloudTest.app/$(BUNDLE_EXECUTABLE_FOLDER_PATH)/XcodeCloudTest";
			};
			name = Debug;
		};
		1C846A492CDAFE84003A27F7 /* Release */ = {
			isa = XCBuildConfiguration;
			buildSettings = {
				BUNDLE_LOADER = "$(TEST_HOST)";
				CODE_SIGN_STYLE = Automatic;
				CURRENT_PROJECT_VERSION = 1;
				DEVELOPMENT_TEAM = RXBBZ73TH7;
				GENERATE_INFOPLIST_FILE = YES;
				IPHONEOS_DEPLOYMENT_TARGET = 18.1;
				MARKETING_VERSION = 1.0;
				PRODUCT_BUNDLE_IDENTIFIER = "com.xronos-inc.XcodeCloudTestTests";
				PRODUCT_NAME = "$(TARGET_NAME)";
				SWIFT_EMIT_LOC_STRINGS = NO;
				SWIFT_VERSION = 5.0;
				TARGETED_DEVICE_FAMILY = "1,2";
				TEST_HOST = "$(BUILT_PRODUCTS_DIR)/XcodeCloudTest.app/$(BUNDLE_EXECUTABLE_FOLDER_PATH)/XcodeCloudTest";
			};
			name = Release;
		};
		1C846A4B2CDAFE84003A27F7 /* Debug */ = {
			isa = XCBuildConfiguration;
			buildSettings = {
				CODE_SIGN_STYLE = Automatic;
				CURRENT_PROJECT_VERSION = 1;
				DEVELOPMENT_TEAM = RXBBZ73TH7;
				GENERATE_INFOPLIST_FILE = YES;
				MARKETING_VERSION = 1.0;
				PRODUCT_BUNDLE_IDENTIFIER = "com.xronos-inc.XcodeCloudTestUITests";
				PRODUCT_NAME = "$(TARGET_NAME)";
				SWIFT_EMIT_LOC_STRINGS = NO;
				SWIFT_VERSION = 5.0;
				TARGETED_DEVICE_FAMILY = "1,2";
				TEST_TARGET_NAME = XcodeCloudTest;
			};
			name = Debug;
		};
		1C846A4C2CDAFE84003A27F7 /* Release */ = {
			isa = XCBuildConfiguration;
			buildSettings = {
				CODE_SIGN_STYLE = Automatic;
				CURRENT_PROJECT_VERSION = 1;
				DEVELOPMENT_TEAM = RXBBZ73TH7;
				GENERATE_INFOPLIST_FILE = YES;
				MARKETING_VERSION = 1.0;
				PRODUCT_BUNDLE_IDENTIFIER = "com.xronos-inc.XcodeCloudTestUITests";
				PRODUCT_NAME = "$(TARGET_NAME)";
				SWIFT_EMIT_LOC_STRINGS = NO;
				SWIFT_VERSION = 5.0;
				TARGETED_DEVICE_FAMILY = "1,2";
				TEST_TARGET_NAME = XcodeCloudTest;
			};
			name = Release;
		};
/* End XCBuildConfiguration section */

/* Begin XCConfigurationList section */
		1C846A1B2CDAFE82003A27F7 /* Build configuration list for PBXProject "XcodeCloudTest" */ = {
			isa = XCConfigurationList;
			buildConfigurations = (
				1C846A422CDAFE84003A27F7 /* Debug */,
				1C846A432CDAFE84003A27F7 /* Release */,
			);
			defaultConfigurationIsVisible = 0;
			defaultConfigurationName = Release;
		};
		1C846A442CDAFE84003A27F7 /* Build configuration list for PBXNativeTarget "XcodeCloudTest" */ = {
			isa = XCConfigurationList;
			buildConfigurations = (
				1C846A452CDAFE84003A27F7 /* Debug */,
				1C846A462CDAFE84003A27F7 /* Release */,
			);
			defaultConfigurationIsVisible = 0;
			defaultConfigurationName = Release;
		};
		1C846A472CDAFE84003A27F7 /* Build configuration list for PBXNativeTarget "XcodeCloudTestTests" */ = {
			isa = XCConfigurationList;
			buildConfigurations = (
				1C846A482CDAFE84003A27F7 /* Debug */,
				1C846A492CDAFE84003A27F7 /* Release */,
			);
			defaultConfigurationIsVisible = 0;
			defaultConfigurationName = Release;
		};
		1C846A4A2CDAFE84003A27F7 /* Build configuration list for PBXNativeTarget "XcodeCloudTestUITests" */ = {
			isa = XCConfigurationList;
			buildConfigurations = (
				1C846A4B2CDAFE84003A27F7 /* Debug */,
				1C846A4C2CDAFE84003A27F7 /* Release */,
			);
			defaultConfigurationIsVisible = 0;
			defaultConfigurationName = Release;
		};
/* End XCConfigurationList section */
	};
	rootObject = 1C846A182CDAFE82003A27F7 /* Project object */;
}
